
Microsoft Visual Studio Solution File, Format Version 12.00
# Visual Studio 15
VisualStudioVersion = 15.0.27428.2037
MinimumVisualStudioVersion = 10.0.40219.1
Project("{FAE04EC0-301F-11D3-BF4B-00C04F79EFBC}") = "Demo4OAuth.AuthorizationServer", "Demo4OAuth.AuthorizationServer\Demo4OAuth.AuthorizationServer.csproj", "{6E472230-7380-421A-94E6-AEAF931C18C6}"
EndProject
Project("{FAE04EC0-301F-11D3-BF4B-00C04F79EFBC}") = "Demo4OAuth.ResourceServer", "Demo4OAuth.ResourceServer\Demo4OAuth.ResourceServer.csproj", "{C46683E1-7D9E-4D3A-8269-8F93CCAF3341}"
EndProject
Project("{FAE04EC0-301F-11D3-BF4B-00C04F79EFBC}") = "Demo4OAuth.Tools", "Demo4OAuth.Tools\Demo4OAuth.Tools.csproj", "{E43B46A0-528C-4E06-82B9-080ED46586B7}"
EndProject
Global
	GlobalSection(SolutionConfigurationPlatforms) = preSolution
		Debug|Any CPU = Debug|Any CPU
		Release|Any CPU = Release|Any CPU
	EndGlobalSection
	GlobalSection(ProjectConfigurationPlatforms) = postSolution
		{6E472230-7380-421A-94E6-AEAF931C18C6}.Debug|Any CPU.ActiveCfg = Debug|Any CPU
		{6E472230-7380-421A-94E6-AEAF931C18C6}.Debug|Any CPU.Build.0 = Debug|Any CPU
		{6E472230-7380-421A-94E6-AEAF931C18C6}.Release|Any CPU.ActiveCfg = Release|Any CPU
		{6E472230-7380-421A-94E6-AEAF931C18C6}.Release|Any CPU.Build.0 = Release|Any CPU
		{C46683E1-7D9E-4D3A-8269-8F93CCAF3341}.Debug|Any CPU.ActiveCfg = Debug|Any CPU
		{C46683E1-7D9E-4D3A-8269-8F93CCAF3341}.Debug|Any CPU.Build.0 = Debug|Any CPU
		{C46683E1-7D9E-4D3A-8269-8F93CCAF3341}.Release|Any CPU.ActiveCfg = Release|Any CPU
		{C46683E1-7D9E-4D3A-8269-8F93CCAF3341}.Release|Any CPU.Build.0 = Release|Any CPU
		{E43B46A0-528C-4E06-82B9-080ED46586B7}.Debug|Any CPU.ActiveCfg = Debug|Any CPU
		{E43B46A0-528C-4E06-82B9-080ED46586B7}.Debug|Any CPU.Build.0 = Debug|Any CPU
		{E43B46A0-528C-4E06-82B9-080ED46586B7}.Release|Any CPU.ActiveCfg = Release|Any CPU
		{E43B46A0-528C-4E06-82B9-080ED46586B7}.Release|Any CPU.Build.0 = Release|Any CPU
	EndGlobalSection
	GlobalSection(SolutionProperties) = preSolution
		HideSolutionNode = FALSE
	EndGlobalSection
	GlobalSection(ExtensibilityGlobals) = postSolution
		SolutionGuid = {C988789B-D835-47A0-BCD4-5E7CCCDA5909}
	EndGlobalSection
EndGlobal
